
Microsoft Visual Studio Solution File, Format Version 12.00
# Visual Studio Version 17
VisualStudioVersion = 17.13.35818.85 d17.13
MinimumVisualStudioVersion = 10.0.40219.1
Project("{FAE04EC0-301F-11D3-BF4B-00C04F79EFBC}") = "Study3", "Study3\Study3.csproj", "{14735076-74FA-4349-A2B2-30E0BA9BBAEB}"
EndProject
Global
	GlobalSection(SolutionConfigurationPlatforms) = preSolution
		Debug|Any CPU = Debug|Any CPU
		Release|Any CPU = Release|Any CPU
	EndGlobalSection
	GlobalSection(ProjectConfigurationPlatforms) = postSolution
		{14735076-74FA-4349-A2B2-30E0BA9BBAEB}.Debug|Any CPU.ActiveCfg = Debug|Any CPU
		{14735076-74FA-4349-A2B2-30E0BA9BBAEB}.Debug|Any CPU.Build.0 = Debug|Any CPU
		{14735076-74FA-4349-A2B2-30E0BA9BBAEB}.Release|Any CPU.ActiveCfg = Release|Any CPU
		{14735076-74FA-4349-A2B2-30E0BA9BBAEB}.Release|Any CPU.Build.0 = Release|Any CPU
	EndGlobalSection
	GlobalSection(SolutionProperties) = preSolution
		HideSolutionNode = FALSE
	EndGlobalSection
	GlobalSection(ExtensibilityGlobals) = postSolution
		SolutionGuid = {B4271AAA-6570-4652-AB9D-E4603094CC8C}
	EndGlobalSection
EndGlobal
